
Microsoft Visual Studio Solution File, Format Version 12.00
# Visual Studio 14
VisualStudioVersion = 14.0.25123.0
MinimumVisualStudioVersion = 10.0.40219.1
Project("{7F2B4053-6D3D-4B26-AE6E-70BBA25998B0}") = "Sitecore.Support.8533", "Sitecore.Support.8533\Sitecore.Support.8533.csproj", "{FE9DC69B-271C-4557-8015-D740792F7A4D}"
EndProject
Global
	GlobalSection(SolutionConfigurationPlatforms) = preSolution
		Debug|Any CPU = Debug|Any CPU
		Release|Any CPU = Release|Any CPU
	EndGlobalSection
	GlobalSection(ProjectConfigurationPlatforms) = postSolution
		{FE9DC69B-271C-4557-8015-D740792F7A4D}.Debug|Any CPU.ActiveCfg = Debug|Any CPU
		{FE9DC69B-271C-4557-8015-D740792F7A4D}.Debug|Any CPU.Build.0 = Debug|Any CPU
		{FE9DC69B-271C-4557-8015-D740792F7A4D}.Release|Any CPU.ActiveCfg = Release|Any CPU
		{FE9DC69B-271C-4557-8015-D740792F7A4D}.Release|Any CPU.Build.0 = Release|Any CPU
	EndGlobalSection
	GlobalSection(SolutionProperties) = preSolution
		HideSolutionNode = FALSE
	EndGlobalSection
EndGlobal
